
Microsoft Visual Studio Solution File, Format Version 12.00
# Visual Studio Version 16
VisualStudioVersion = 16.0.29905.134
MinimumVisualStudioVersion = 10.0.40219.1
Project("{FAE04EC0-301F-11D3-BF4B-00C04F79EFBC}") = "KubeSharper", "KubeSharper\KubeSharper.csproj", "{065B072F-13F8-4008-A664-E7E4A1B153B9}"
EndProject
Global
	GlobalSection(SolutionConfigurationPlatforms) = preSolution
		Debug|Any CPU = Debug|Any CPU
		Release|Any CPU = Release|Any CPU
	EndGlobalSection
	GlobalSection(ProjectConfigurationPlatforms) = postSolution
		{065B072F-13F8-4008-A664-E7E4A1B153B9}.Debug|Any CPU.ActiveCfg = Debug|Any CPU
		{065B072F-13F8-4008-A664-E7E4A1B153B9}.Debug|Any CPU.Build.0 = Debug|Any CPU
		{065B072F-13F8-4008-A664-E7E4A1B153B9}.Release|Any CPU.ActiveCfg = Release|Any CPU
		{065B072F-13F8-4008-A664-E7E4A1B153B9}.Release|Any CPU.Build.0 = Release|Any CPU
	EndGlobalSection
	GlobalSection(SolutionProperties) = preSolution
		HideSolutionNode = FALSE
	EndGlobalSection
	GlobalSection(ExtensibilityGlobals) = postSolution
		SolutionGuid = {33B0554B-11D0-40FA-8DB8-6C25289BA906}
	EndGlobalSection
EndGlobal
