
Microsoft Visual Studio Solution File, Format Version 12.00
# Visual Studio Version 16
VisualStudioVersion = 16.0.29905.134
MinimumVisualStudioVersion = 10.0.40219.1
Project("{9A19103F-16F7-4668-BE54-9A1E7A4F7556}") = "KubeSharper", "KubeSharper\KubeSharper.csproj", "{065B072F-13F8-4008-A664-E7E4A1B153B9}"
EndProject
Project("{9A19103F-16F7-4668-BE54-9A1E7A4F7556}") = "KubeSharper.Services", "KubeSharper.Services\KubeSharper.Services.csproj", "{65DF40CF-670F-46DF-AEAA-B0B6115728E5}"
EndProject
Project("{FAE04EC0-301F-11D3-BF4B-00C04F79EFBC}") = "KubeSharper.EventSources", "KubeSharper.EventSources\KubeSharper.EventSources.csproj", "{541E2514-E004-4CF4-80F6-096F28653CE2}"
EndProject
Project("{FAE04EC0-301F-11D3-BF4B-00C04F79EFBC}") = "KubeSharper.EventQueue", "KubeSharper.EventQueue\KubeSharper.EventQueue.csproj", "{41E3FB93-DEB7-4086-B174-D60F8E12B2FB}"
EndProject
Project("{FAE04EC0-301F-11D3-BF4B-00C04F79EFBC}") = "KubeSharper.Reconcilliation", "KubeSharper.Reconcilliation\KubeSharper.Reconcilliation.csproj", "{5C9A12DC-B569-4FD3-86AA-A2818475F713}"
EndProject
Global
	GlobalSection(SolutionConfigurationPlatforms) = preSolution
		Debug|Any CPU = Debug|Any CPU
		Release|Any CPU = Release|Any CPU
	EndGlobalSection
	GlobalSection(ProjectConfigurationPlatforms) = postSolution
		{065B072F-13F8-4008-A664-E7E4A1B153B9}.Debug|Any CPU.ActiveCfg = Debug|Any CPU
		{065B072F-13F8-4008-A664-E7E4A1B153B9}.Debug|Any CPU.Build.0 = Debug|Any CPU
		{065B072F-13F8-4008-A664-E7E4A1B153B9}.Release|Any CPU.ActiveCfg = Release|Any CPU
		{065B072F-13F8-4008-A664-E7E4A1B153B9}.Release|Any CPU.Build.0 = Release|Any CPU
		{65DF40CF-670F-46DF-AEAA-B0B6115728E5}.Debug|Any CPU.ActiveCfg = Debug|Any CPU
		{65DF40CF-670F-46DF-AEAA-B0B6115728E5}.Debug|Any CPU.Build.0 = Debug|Any CPU
		{65DF40CF-670F-46DF-AEAA-B0B6115728E5}.Release|Any CPU.ActiveCfg = Release|Any CPU
		{65DF40CF-670F-46DF-AEAA-B0B6115728E5}.Release|Any CPU.Build.0 = Release|Any CPU
		{541E2514-E004-4CF4-80F6-096F28653CE2}.Debug|Any CPU.ActiveCfg = Debug|Any CPU
		{541E2514-E004-4CF4-80F6-096F28653CE2}.Debug|Any CPU.Build.0 = Debug|Any CPU
		{541E2514-E004-4CF4-80F6-096F28653CE2}.Release|Any CPU.ActiveCfg = Release|Any CPU
		{541E2514-E004-4CF4-80F6-096F28653CE2}.Release|Any CPU.Build.0 = Release|Any CPU
		{41E3FB93-DEB7-4086-B174-D60F8E12B2FB}.Debug|Any CPU.ActiveCfg = Debug|Any CPU
		{41E3FB93-DEB7-4086-B174-D60F8E12B2FB}.Debug|Any CPU.Build.0 = Debug|Any CPU
		{41E3FB93-DEB7-4086-B174-D60F8E12B2FB}.Release|Any CPU.ActiveCfg = Release|Any CPU
		{41E3FB93-DEB7-4086-B174-D60F8E12B2FB}.Release|Any CPU.Build.0 = Release|Any CPU
		{5C9A12DC-B569-4FD3-86AA-A2818475F713}.Debug|Any CPU.ActiveCfg = Debug|Any CPU
		{5C9A12DC-B569-4FD3-86AA-A2818475F713}.Debug|Any CPU.Build.0 = Debug|Any CPU
		{5C9A12DC-B569-4FD3-86AA-A2818475F713}.Release|Any CPU.ActiveCfg = Release|Any CPU
		{5C9A12DC-B569-4FD3-86AA-A2818475F713}.Release|Any CPU.Build.0 = Release|Any CPU
	EndGlobalSection
	GlobalSection(SolutionProperties) = preSolution
		HideSolutionNode = FALSE
	EndGlobalSection
	GlobalSection(ExtensibilityGlobals) = postSolution
		SolutionGuid = {33B0554B-11D0-40FA-8DB8-6C25289BA906}
	EndGlobalSection
EndGlobal
